{
  "name": "launchpad",
  "lockfileVersion": 3,
  "requires": true,
  "packages": {
    "": {
      "dependencies": {
        "docxtemplater": "^3.68.5",
        "libreoffice-convert": "^1.8.1",
        "pizzip": "^3.2.0"
      }
    },
    "node_modules/@xmldom/xmldom": {
      "version": "0.9.10",
      "resolved": "https://registry.npmjs.org/@xmldom/xmldom/-/xmldom-0.9.10.tgz",
      "integrity": "sha512-A9gOqLdi6cV4ibazAjcQufGj0B1y/vDqYrcuP6d/6x8P27gRS8643Dj9o1dEKtB6O7fwxb2FgBmJS2mX7gpvdw==",
      "license": "MIT",
      "engines": {
        "node": ">=14.6"
      }
    },
    "node_modules/async": {
      "version": "3.2.6",
      "resolved": "https://registry.npmjs.org/async/-/async-3.2.6.tgz",
      "integrity": "sha512-htCUDlxyyCLMgaM3xXg0C0LW2xqfuQ6p05pCEIsXuyQ+a1koYKTuBMzRNwmybfLgvJDMd0r1LTn4+E0Ti6C2AA==",
      "license": "MIT"
    },
    "node_modules/docxtemplater": {
      "version": "3.68.5",
      "resolved": "https://registry.npmjs.org/docxtemplater/-/docxtemplater-3.68.5.tgz",
      "integrity": "sha512-2xcHvTXjMA0jdX6PRh1BUTLrcRQ86Re/QJKWCUCX/vv5RKzntjNNkpR/O4AUoJY1TdoqxA+d04L4xgoAUNf/kw==",
      "license": "MIT",
      "dependencies": {
        "@xmldom/xmldom": "^0.9.8"
      },
      "engines": {
        "node": ">=0.10"
      }
    },
    "node_modules/libreoffice-convert": {
      "version": "1.8.1",
      "resolved": "https://registry.npmjs.org/libreoffice-convert/-/libreoffice-convert-1.8.1.tgz",
      "integrity": "sha512-iZ1DD/EMTlPvol8G++QQ/0w4pVecSwRuhMLXRm7nRim/gcaSscSXuTO9Tgbkieyw5UdJg7UXD+lkFT8SCi51Dw==",
      "license": "MIT",
      "dependencies": {
        "async": "^3.2.3",
        "tmp": "^0.2.1"
      },
      "engines": {
        "node": ">=6"
      }
    },
    "node_modules/pako": {
      "version": "2.1.0",
      "resolved": "https://registry.npmjs.org/pako/-/pako-2.1.0.tgz",
      "integrity": "sha512-w+eufiZ1WuJYgPXbV/PO3NCMEc3xqylkKHzp8bxp1uW4qaSNQUkwmLLEc3kKsfz8lpV1F8Ht3U1Cm+9Srog2ug==",
      "license": "(MIT AND Zlib)"
    },
    "node_modules/pizzip": {
      "version": "3.2.0",
      "resolved": "https://registry.npmjs.org/pizzip/-/pizzip-3.2.0.tgz",
      "integrity": "sha512-X4NPNICxCfIK8VYhF6wbksn81vTiziyLbvKuORVAmolvnUzl1A1xmz9DAWKxPRq9lZg84pJOOAMq3OE61bD8IQ==",
      "license": "(MIT OR GPL-3.0)",
      "dependencies": {
        "pako": "^2.1.0"
      }
    },
    "node_modules/tmp": {
      "version": "0.2.5",
      "resolved": "https://registry.npmjs.org/tmp/-/tmp-0.2.5.tgz",
      "integrity": "sha512-voyz6MApa1rQGUxT3E+BK7/ROe8itEx7vD8/HEvt4xwXucvQ5G5oeEiHkmHZJuBO21RpOf+YYm9MOivj709jow==",
      "license": "MIT",
      "engines": {
        "node": ">=14.14"
      }
    }
  }
}
